// !$*UTF8*$!
{
	archiveVersion = 1;
	classes = {
	};
	objectVersion = 46;
	objects = {

/* Begin PBXBuildFile section */
		BD7738441B9E9FF6000038EB /* AppDelegate.swift in Sources */ = {isa = PBXBuildFile; fileRef = BD7738431B9E9FF6000038EB /* AppDelegate.swift */; };
		BD7738491B9E9FF6000038EB /* Main.storyboard in Resources */ = {isa = PBXBuildFile; fileRef = BD7738471B9E9FF6000038EB /* Main.storyboard */; };
		BD77384B1B9E9FF6000038EB /* Images.xcassets in Resources */ = {isa = PBXBuildFile; fileRef = BD77384A1B9E9FF6000038EB /* Images.xcassets */; };
		BD77384E1B9E9FF6000038EB /* LaunchScreen.xib in Resources */ = {isa = PBXBuildFile; fileRef = BD77384C1B9E9FF6000038EB /* LaunchScreen.xib */; };
		BD77385A1B9E9FF6000038EB /* WorldWonderQuizApp2Tests.swift in Sources */ = {isa = PBXBuildFile; fileRef = BD7738591B9E9FF6000038EB /* WorldWonderQuizApp2Tests.swift */; };
		BD7738641B9EA03B000038EB /* ViewController.swift in Sources */ = {isa = PBXBuildFile; fileRef = BD7738631B9EA03B000038EB /* ViewController.swift */; };
		BD7738661B9EA041000038EB /* SwiftyJSON.swift in Sources */ = {isa = PBXBuildFile; fileRef = BD7738651B9EA041000038EB /* SwiftyJSON.swift */; };
		BD7738681B9EA048000038EB /* ViewTwo.swift in Sources */ = {isa = PBXBuildFile; fileRef = BD7738671B9EA048000038EB /* ViewTwo.swift */; };
		BD77386A1B9EA04D000038EB /* DataManager.swift in Sources */ = {isa = PBXBuildFile; fileRef = BD7738691B9EA04D000038EB /* DataManager.swift */; };
		BD77386D1B9EA065000038EB /* Thumbdown.jpeg in Resources */ = {isa = PBXBuildFile; fileRef = BD77386B1B9EA065000038EB /* Thumbdown.jpeg */; };
		BD77386E1B9EA065000038EB /* Thumbs-Up.png in Resources */ = {isa = PBXBuildFile; fileRef = BD77386C1B9EA065000038EB /* Thumbs-Up.png */; };
		BD7738701B9EA53E000038EB /* easylevel.json in Resources */ = {isa = PBXBuildFile; fileRef = BD77386F1B9EA53E000038EB /* easylevel.json */; };
		BD7739061BA23DD5000038EB /* DifficultyViewController.swift in Sources */ = {isa = PBXBuildFile; fileRef = BD7739051BA23DD5000038EB /* DifficultyViewController.swift */; };
		BD7739081BA23FE5000038EB /* MultiViewController.swift in Sources */ = {isa = PBXBuildFile; fileRef = BD7739071BA23FE5000038EB /* MultiViewController.swift */; };
/* End PBXBuildFile section */

/* Begin PBXContainerItemProxy section */
		BD7738541B9E9FF6000038EB /* PBXContainerItemProxy */ = {
			isa = PBXContainerItemProxy;
			containerPortal = BD7738361B9E9FF6000038EB /* Project object */;
			proxyType = 1;
			remoteGlobalIDString = BD77383D1B9E9FF6000038EB;
			remoteInfo = WorldWonderQuizApp2;
		};
/* End PBXContainerItemProxy section */

/* Begin PBXFileReference section */
		BD77383E1B9E9FF6000038EB /* WorldWonderQuizApp2.app */ = {isa = PBXFileReference; explicitFileType = wrapper.application; includeInIndex = 0; path = WorldWonderQuizApp2.app; sourceTree = BUILT_PRODUCTS_DIR; };
		BD7738421B9E9FF6000038EB /* Info.plist */ = {isa = PBXFileReference; lastKnownFileType = text.plist.xml; path = Info.plist; sourceTree = "<group>"; };
		BD7738431B9E9FF6000038EB /* AppDelegate.swift */ = {isa = PBXFileReference; lastKnownFileType = sourcecode.swift; path = AppDelegate.swift; sourceTree = "<group>"; };
		BD7738481B9E9FF6000038EB /* Base */ = {isa = PBXFileReference; lastKnownFileType = file.storyboard; name = Base; path = Base.lproj/Main.storyboard; sourceTree = "<group>"; };
		BD77384A1B9E9FF6000038EB /* Images.xcassets */ = {isa = PBXFileReference; lastKnownFileType = folder.assetcatalog; path = Images.xcassets; sourceTree = "<group>"; };
		BD77384D1B9E9FF6000038EB /* Base */ = {isa = PBXFileReference; lastKnownFileType = file.xib; name = Base; path = Base.lproj/LaunchScreen.xib; sourceTree = "<group>"; };
		BD7738531B9E9FF6000038EB /* WorldWonderQuizApp2Tests.xctest */ = {isa = PBXFileReference; explicitFileType = wrapper.cfbundle; includeInIndex = 0; path = WorldWonderQuizApp2Tests.xctest; sourceTree = BUILT_PRODUCTS_DIR; };
		BD7738581B9E9FF6000038EB /* Info.plist */ = {isa = PBXFileReference; lastKnownFileType = text.plist.xml; path = Info.plist; sourceTree = "<group>"; };
		BD7738591B9E9FF6000038EB /* WorldWonderQuizApp2Tests.swift */ = {isa = PBXFileReference; lastKnownFileType = sourcecode.swift; path = WorldWonderQuizApp2Tests.swift; sourceTree = "<group>"; };
		BD7738631B9EA03B000038EB /* ViewController.swift */ = {isa = PBXFileReference; fileEncoding = 4; lastKnownFileType = sourcecode.swift; path = ViewController.swift; sourceTree = "<group>"; };
		BD7738651B9EA041000038EB /* SwiftyJSON.swift */ = {isa = PBXFileReference; fileEncoding = 4; lastKnownFileType = sourcecode.swift; path = SwiftyJSON.swift; sourceTree = "<group>"; };
		BD7738671B9EA048000038EB /* ViewTwo.swift */ = {isa = PBXFileReference; fileEncoding = 4; lastKnownFileType = sourcecode.swift; path = ViewTwo.swift; sourceTree = "<group>"; };
		BD7738691B9EA04D000038EB /* DataManager.swift */ = {isa = PBXFileReference; fileEncoding = 4; lastKnownFileType = sourcecode.swift; path = DataManager.swift; sourceTree = "<group>"; };
		BD77386B1B9EA065000038EB /* Thumbdown.jpeg */ = {isa = PBXFileReference; lastKnownFileType = image.jpeg; path = Thumbdown.jpeg; sourceTree = "<group>"; };
		BD77386C1B9EA065000038EB /* Thumbs-Up.png */ = {isa = PBXFileReference; lastKnownFileType = image.png; path = "Thumbs-Up.png"; sourceTree = "<group>"; };
		BD77386F1B9EA53E000038EB /* easylevel.json */ = {isa = PBXFileReference; fileEncoding = 4; lastKnownFileType = text.json; path = easylevel.json; sourceTree = "<group>"; };
		BD7739051BA23DD5000038EB /* DifficultyViewController.swift */ = {isa = PBXFileReference; fileEncoding = 4; lastKnownFileType = sourcecode.swift; path = DifficultyViewController.swift; sourceTree = "<group>"; };
		BD7739071BA23FE5000038EB /* MultiViewController.swift */ = {isa = PBXFileReference; fileEncoding = 4; lastKnownFileType = sourcecode.swift; name = MultiViewController.swift; path = ../MultiViewController.swift; sourceTree = "<group>"; };
/* End PBXFileReference section */

/* Begin PBXFrameworksBuildPhase section */
		BD77383B1B9E9FF6000038EB /* Frameworks */ = {
			isa = PBXFrameworksBuildPhase;
			buildActionMask = 2147483647;
			files = (
			);
			runOnlyForDeploymentPostprocessing = 0;
		};
		BD7738501B9E9FF6000038EB /* Frameworks */ = {
			isa = PBXFrameworksBuildPhase;
			buildActionMask = 2147483647;
			files = (
			);
			runOnlyForDeploymentPostprocessing = 0;
		};
/* End PBXFrameworksBuildPhase section */

/* Begin PBXGroup section */
		BD7738351B9E9FF6000038EB = {
			isa = PBXGroup;
			children = (
				BD7738401B9E9FF6000038EB /* WorldWonderQuizApp2 */,
				BD7738561B9E9FF6000038EB /* WorldWonderQuizApp2Tests */,
				BD77383F1B9E9FF6000038EB /* Products */,
			);
			sourceTree = "<group>";
		};
		BD77383F1B9E9FF6000038EB /* Products */ = {
			isa = PBXGroup;
			children = (
				BD77383E1B9E9FF6000038EB /* WorldWonderQuizApp2.app */,
				BD7738531B9E9FF6000038EB /* WorldWonderQuizApp2Tests.xctest */,
			);
			name = Products;
			sourceTree = "<group>";
		};
		BD7738401B9E9FF6000038EB /* WorldWonderQuizApp2 */ = {
			isa = PBXGroup;
			children = (
				BD77386F1B9EA53E000038EB /* easylevel.json */,
				BD7738431B9E9FF6000038EB /* AppDelegate.swift */,
				BD7739071BA23FE5000038EB /* MultiViewController.swift */,
				BD7738671B9EA048000038EB /* ViewTwo.swift */,
				BD7738691B9EA04D000038EB /* DataManager.swift */,
				BD7738631B9EA03B000038EB /* ViewController.swift */,
				BD7738651B9EA041000038EB /* SwiftyJSON.swift */,
				BD7738471B9E9FF6000038EB /* Main.storyboard */,
				BD77384A1B9E9FF6000038EB /* Images.xcassets */,
				BD77384C1B9E9FF6000038EB /* LaunchScreen.xib */,
				BD7738411B9E9FF6000038EB /* Supporting Files */,
				BD7739051BA23DD5000038EB /* DifficultyViewController.swift */,
			);
			path = WorldWonderQuizApp2;
			sourceTree = "<group>";
		};
		BD7738411B9E9FF6000038EB /* Supporting Files */ = {
			isa = PBXGroup;
			children = (
				BD77386B1B9EA065000038EB /* Thumbdown.jpeg */,
				BD77386C1B9EA065000038EB /* Thumbs-Up.png */,
				BD7738421B9E9FF6000038EB /* Info.plist */,
			);
			name = "Supporting Files";
			sourceTree = "<group>";
		};
		BD7738561B9E9FF6000038EB /* WorldWonderQuizApp2Tests */ = {
			isa = PBXGroup;
			children = (
				BD7738591B9E9FF6000038EB /* WorldWonderQuizApp2Tests.swift */,
				BD7738571B9E9FF6000038EB /* Supporting Files */,
			);
			path = WorldWonderQuizApp2Tests;
			sourceTree = "<group>";
		};
		BD7738571B9E9FF6000038EB /* Supporting Files */ = {
			isa = PBXGroup;
			children = (
				BD7738581B9E9FF6000038EB /* Info.plist */,
			);
			name = "Supporting Files";
			sourceTree = "<group>";
		};
/* End PBXGroup section */

/* Begin PBXNativeTarget section */
		BD77383D1B9E9FF6000038EB /* WorldWonderQuizApp2 */ = {
			isa = PBXNativeTarget;
			buildConfigurationList = BD77385D1B9E9FF6000038EB /* Build configuration list for PBXNativeTarget "WorldWonderQuizApp2" */;
			buildPhases = (
				BD77383A1B9E9FF6000038EB /* Sources */,
				BD77383B1B9E9FF6000038EB /* Frameworks */,
				BD77383C1B9E9FF6000038EB /* Resources */,
			);
			buildRules = (
			);
			dependencies = (
			);
			name = WorldWonderQuizApp2;
			productName = WorldWonderQuizApp2;
			productReference = BD77383E1B9E9FF6000038EB /* WorldWonderQuizApp2.app */;
			productType = "com.apple.product-type.application";
		};
		BD7738521B9E9FF6000038EB /* WorldWonderQuizApp2Tests */ = {
			isa = PBXNativeTarget;
			buildConfigurationList = BD7738601B9E9FF6000038EB /* Build configuration list for PBXNativeTarget "WorldWonderQuizApp2Tests" */;
			buildPhases = (
				BD77384F1B9E9FF6000038EB /* Sources */,
				BD7738501B9E9FF6000038EB /* Frameworks */,
				BD7738511B9E9FF6000038EB /* Resources */,
			);
			buildRules = (
			);
			dependencies = (
				BD7738551B9E9FF6000038EB /* PBXTargetDependency */,
			);
			name = WorldWonderQuizApp2Tests;
			productName = WorldWonderQuizApp2Tests;
			productReference = BD7738531B9E9FF6000038EB /* WorldWonderQuizApp2Tests.xctest */;
			productType = "com.apple.product-type.bundle.unit-test";
		};
/* End PBXNativeTarget section */

/* Begin PBXProject section */
		BD7738361B9E9FF6000038EB /* Project object */ = {
			isa = PBXProject;
			attributes = {
				LastUpgradeCheck = 0640;
				ORGANIZATIONNAME = "Melanie Sandlarz";
				TargetAttributes = {
					BD77383D1B9E9FF6000038EB = {
						CreatedOnToolsVersion = 6.4;
					};
					BD7738521B9E9FF6000038EB = {
						CreatedOnToolsVersion = 6.4;
						TestTargetID = BD77383D1B9E9FF6000038EB;
					};
				};
			};
			buildConfigurationList = BD7738391B9E9FF6000038EB /* Build configuration list for PBXProject "WorldWonderQuizApp2" */;
			compatibilityVersion = "Xcode 3.2";
			developmentRegion = English;
			hasScannedForEncodings = 0;
			knownRegions = (
				en,
				Base,
			);
			mainGroup = BD7738351B9E9FF6000038EB;
			productRefGroup = BD77383F1B9E9FF6000038EB /* Products */;
			projectDirPath = "";
			projectRoot = "";
			targets = (
				BD77383D1B9E9FF6000038EB /* WorldWonderQuizApp2 */,
				BD7738521B9E9FF6000038EB /* WorldWonderQuizApp2Tests */,
			);
		};
/* End PBXProject section */

/* Begin PBXResourcesBuildPhase section */
		BD77383C1B9E9FF6000038EB /* Resources */ = {
			isa = PBXResourcesBuildPhase;
			buildActionMask = 2147483647;
			files = (
				BD7738491B9E9FF6000038EB /* Main.storyboard in Resources */,
				BD77384E1B9E9FF6000038EB /* LaunchScreen.xib in Resources */,
				BD77386E1B9EA065000038EB /* Thumbs-Up.png in Resources */,
				BD77386D1B9EA065000038EB /* Thumbdown.jpeg in Resources */,
				BD7738701B9EA53E000038EB /* easylevel.json in Resources */,
				BD77384B1B9E9FF6000038EB /* Images.xcassets in Resources */,
			);
			runOnlyForDeploymentPostprocessing = 0;
		};
		BD7738511B9E9FF6000038EB /* Resources */ = {
			isa = PBXResourcesBuildPhase;
			buildActionMask = 2147483647;
			files = (
			);
			runOnlyForDeploymentPostprocessing = 0;
		};
/* End PBXResourcesBuildPhase section */

/* Begin PBXSourcesBuildPhase section */
		BD77383A1B9E9FF6000038EB /* Sources */ = {
			isa = PBXSourcesBuildPhase;
			buildActionMask = 2147483647;
			files = (
				BD7738661B9EA041000038EB /* SwiftyJSON.swift in Sources */,
				BD7739061BA23DD5000038EB /* DifficultyViewController.swift in Sources */,
				BD77386A1B9EA04D000038EB /* DataManager.swift in Sources */,
				BD7738681B9EA048000038EB /* ViewTwo.swift in Sources */,
				BD7738641B9EA03B000038EB /* ViewController.swift in Sources */,
				BD7738441B9E9FF6000038EB /* AppDelegate.swift in Sources */,
				BD7739081BA23FE5000038EB /* MultiViewController.swift in Sources */,
			);
			runOnlyForDeploymentPostprocessing = 0;
		};
		BD77384F1B9E9FF6000038EB /* Sources */ = {
			isa = PBXSourcesBuildPhase;
			buildActionMask = 2147483647;
			files = (
				BD77385A1B9E9FF6000038EB /* WorldWonderQuizApp2Tests.swift in Sources */,
			);
			runOnlyForDeploymentPostprocessing = 0;
		};
/* End PBXSourcesBuildPhase section */

/* Begin PBXTargetDependency section */
		BD7738551B9E9FF6000038EB /* PBXTargetDependency */ = {
			isa = PBXTargetDependency;
			target = BD77383D1B9E9FF6000038EB /* WorldWonderQuizApp2 */;
			targetProxy = BD7738541B9E9FF6000038EB /* PBXContainerItemProxy */;
		};
/* End PBXTargetDependency section */

/* Begin PBXVariantGroup section */
		BD7738471B9E9FF6000038EB /* Main.storyboard */ = {
			isa = PBXVariantGroup;
			children = (
				BD7738481B9E9FF6000038EB /* Base */,
			);
			name = Main.storyboard;
			sourceTree = "<group>";
		};
		BD77384C1B9E9FF6000038EB /* LaunchScreen.xib */ = {
			isa = PBXVariantGroup;
			children = (
				BD77384D1B9E9FF6000038EB /* Base */,
			);
			name = LaunchScreen.xib;
			sourceTree = "<group>";
		};
/* End PBXVariantGroup section */

/* Begin XCBuildConfiguration section */
		BD77385B1B9E9FF6000038EB /* Debug */ = {
			isa = XCBuildConfiguration;
			buildSettings = {
				ALWAYS_SEARCH_USER_PATHS = NO;
				CLANG_CXX_LANGUAGE_STANDARD = "gnu++0x";
				CLANG_CXX_LIBRARY = "libc++";
				CLANG_ENABLE_MODULES = YES;
				CLANG_ENABLE_OBJC_ARC = YES;
				CLANG_WARN_BOOL_CONVERSION = YES;
				CLANG_WARN_CONSTANT_CONVERSION = YES;
				CLANG_WARN_DIRECT_OBJC_ISA_USAGE = YES_ERROR;
				CLANG_WARN_EMPTY_BODY = YES;
				CLANG_WARN_ENUM_CONVERSION = YES;
				CLANG_WARN_INT_CONVERSION = YES;
				CLANG_WARN_OBJC_ROOT_CLASS = YES_ERROR;
				CLANG_WARN_UNREACHABLE_CODE = YES;
				CLANG_WARN__DUPLICATE_METHOD_MATCH = YES;
				"CODE_SIGN_IDENTITY[sdk=iphoneos*]" = "iPhone Developer";
				COPY_PHASE_STRIP = NO;
				DEBUG_INFORMATION_FORMAT = "dwarf-with-dsym";
				ENABLE_STRICT_OBJC_MSGSEND = YES;
				GCC_C_LANGUAGE_STANDARD = gnu99;
				GCC_DYNAMIC_NO_PIC = NO;
				GCC_NO_COMMON_BLOCKS = YES;
				GCC_OPTIMIZATION_LEVEL = 0;
				GCC_PREPROCESSOR_DEFINITIONS = (
					"DEBUG=1",
					"$(inherited)",
				);
				GCC_SYMBOLS_PRIVATE_EXTERN = NO;
				GCC_WARN_64_TO_32_BIT_CONVERSION = YES;
				GCC_WARN_ABOUT_RETURN_TYPE = YES_ERROR;
				GCC_WARN_UNDECLARED_SELECTOR = YES;
				GCC_WARN_UNINITIALIZED_AUTOS = YES_AGGRESSIVE;
				GCC_WARN_UNUSED_FUNCTION = YES;
				GCC_WARN_UNUSED_VARIABLE = YES;
				IPHONEOS_DEPLOYMENT_TARGET = 8.4;
				MTL_ENABLE_DEBUG_INFO = YES;
				ONLY_ACTIVE_ARCH = YES;
				SDKROOT = iphoneos;
				SWIFT_OPTIMIZATION_LEVEL = "-Onone";
			};
			name = Debug;
		};
		BD77385C1B9E9FF6000038EB /* Release */ = {
			isa = XCBuildConfiguration;
			buildSettings = {
				ALWAYS_SEARCH_USER_PATHS = NO;
				CLANG_CXX_LANGUAGE_STANDARD = "gnu++0x";
				CLANG_CXX_LIBRARY = "libc++";
				CLANG_ENABLE_MODULES = YES;
				CLANG_ENABLE_OBJC_ARC = YES;
				CLANG_WARN_BOOL_CONVERSION = YES;
				CLANG_WARN_CONSTANT_CONVERSION = YES;
				CLANG_WARN_DIRECT_OBJC_ISA_USAGE = YES_ERROR;
				CLANG_WARN_EMPTY_BODY = YES;
				CLANG_WARN_ENUM_CONVERSION = YES;
				CLANG_WARN_INT_CONVERSION = YES;
				CLANG_WARN_OBJC_ROOT_CLASS = YES_ERROR;
				CLANG_WARN_UNREACHABLE_CODE = YES;
				CLANG_WARN__DUPLICATE_METHOD_MATCH = YES;
				"CODE_SIGN_IDENTITY[sdk=iphoneos*]" = "iPhone Developer";
				COPY_PHASE_STRIP = NO;
				DEBUG_INFORMATION_FORMAT = "dwarf-with-dsym";
				ENABLE_NS_ASSERTIONS = NO;
				ENABLE_STRICT_OBJC_MSGSEND = YES;
				GCC_C_LANGUAGE_STANDARD = gnu99;
				GCC_NO_COMMON_BLOCKS = YES;
				GCC_WARN_64_TO_32_BIT_CONVERSION = YES;
				GCC_WARN_ABOUT_RETURN_TYPE = YES_ERROR;
				GCC_WARN_UNDECLARED_SELECTOR = YES;
				GCC_WARN_UNINITIALIZED_AUTOS = YES_AGGRESSIVE;
				GCC_WARN_UNUSED_FUNCTION = YES;
				GCC_WARN_UNUSED_VARIABLE = YES;
				IPHONEOS_DEPLOYMENT_TARGET = 8.4;
				MTL_ENABLE_DEBUG_INFO = NO;
				SDKROOT = iphoneos;
				VALIDATE_PRODUCT = YES;
			};
			name = Release;
		};
		BD77385E1B9E9FF6000038EB /* Debug */ = {
			isa = XCBuildConfiguration;
			buildSettings = {
				ASSETCATALOG_COMPILER_APPICON_NAME = AppIcon;
				INFOPLIST_FILE = WorldWonderQuizApp2/Info.plist;
				LD_RUNPATH_SEARCH_PATHS = "$(inherited) @executable_path/Frameworks";
				PRODUCT_NAME = "$(TARGET_NAME)";
			};
			name = Debug;
		};
		BD77385F1B9E9FF6000038EB /* Release */ = {
			isa = XCBuildConfiguration;
			buildSettings = {
				ASSETCATALOG_COMPILER_APPICON_NAME = AppIcon;
				INFOPLIST_FILE = WorldWonderQuizApp2/Info.plist;
				LD_RUNPATH_SEARCH_PATHS = "$(inherited) @executable_path/Frameworks";
				PRODUCT_NAME = "$(TARGET_NAME)";
			};
			name = Release;
		};
		BD7738611B9E9FF6000038EB /* Debug */ = {
			isa = XCBuildConfiguration;
			buildSettings = {
				BUNDLE_LOADER = "$(TEST_HOST)";
				FRAMEWORK_SEARCH_PATHS = (
					"$(SDKROOT)/Developer/Library/Frameworks",
					"$(inherited)",
				);
				GCC_PREPROCESSOR_DEFINITIONS = (
					"DEBUG=1",
					"$(inherited)",
				);
				INFOPLIST_FILE = WorldWonderQuizApp2Tests/Info.plist;
				LD_RUNPATH_SEARCH_PATHS = "$(inherited) @executable_path/Frameworks @loader_path/Frameworks";
				PRODUCT_NAME = "$(TARGET_NAME)";
				TEST_HOST = "$(BUILT_PRODUCTS_DIR)/WorldWonderQuizApp2.app/WorldWonderQuizApp2";
			};
			name = Debug;
		};
		BD7738621B9E9FF6000038EB /* Release */ = {
			isa = XCBuildConfiguration;
			buildSettings = {
				BUNDLE_LOADER = "$(TEST_HOST)";
				FRAMEWORK_SEARCH_PATHS = (
					"$(SDKROOT)/Developer/Library/Frameworks",
					"$(inherited)",
				);
				INFOPLIST_FILE = WorldWonderQuizApp2Tests/Info.plist;
				LD_RUNPATH_SEARCH_PATHS = "$(inherited) @executable_path/Frameworks @loader_path/Frameworks";
				PRODUCT_NAME = "$(TARGET_NAME)";
				TEST_HOST = "$(BUILT_PRODUCTS_DIR)/WorldWonderQuizApp2.app/WorldWonderQuizApp2";
			};
			name = Release;
		};
/* End XCBuildConfiguration section */

/* Begin XCConfigurationList section */
		BD7738391B9E9FF6000038EB /* Build configuration list for PBXProject "WorldWonderQuizApp2" */ = {
			isa = XCConfigurationList;
			buildConfigurations = (
				BD77385B1B9E9FF6000038EB /* Debug */,
				BD77385C1B9E9FF6000038EB /* Release */,
			);
			defaultConfigurationIsVisible = 0;
			defaultConfigurationName = Release;
		};
		BD77385D1B9E9FF6000038EB /* Build configuration list for PBXNativeTarget "WorldWonderQuizApp2" */ = {
			isa = XCConfigurationList;
			buildConfigurations = (
				BD77385E1B9E9FF6000038EB /* Debug */,
				BD77385F1B9E9FF6000038EB /* Release */,
			);
			defaultConfigurationIsVisible = 0;
		};
		BD7738601B9E9FF6000038EB /* Build configuration list for PBXNativeTarget "WorldWonderQuizApp2Tests" */ = {
			isa = XCConfigurationList;
			buildConfigurations = (
				BD7738611B9E9FF6000038EB /* Debug */,
				BD7738621B9E9FF6000038EB /* Release */,
			);
			defaultConfigurationIsVisible = 0;
		};
/* End XCConfigurationList section */
	};
	rootObject = BD7738361B9E9FF6000038EB /* Project object */;
}
